
Microsoft Visual Studio Solution File, Format Version 12.00
# Visual Studio 15
VisualStudioVersion = 15.0.28307.852
MinimumVisualStudioVersion = 10.0.40219.1
Project("{888888A0-9F3D-457C-B088-3A5042F75D52}") = "NASAFireBot", "NASAFireBot\NASAFireBot.pyproj", "{6B6BCA33-294A-4884-ABA1-3376E84EC021}"
EndProject
Global
	GlobalSection(SolutionConfigurationPlatforms) = preSolution
		Debug|Any CPU = Debug|Any CPU
		Release|Any CPU = Release|Any CPU
	EndGlobalSection
	GlobalSection(ProjectConfigurationPlatforms) = postSolution
		{6B6BCA33-294A-4884-ABA1-3376E84EC021}.Debug|Any CPU.ActiveCfg = Debug|Any CPU
		{6B6BCA33-294A-4884-ABA1-3376E84EC021}.Debug|Any CPU.Build.0 = Debug|Any CPU
		{6B6BCA33-294A-4884-ABA1-3376E84EC021}.Release|Any CPU.ActiveCfg = Release|Any CPU
		{6B6BCA33-294A-4884-ABA1-3376E84EC021}.Release|Any CPU.Build.0 = Release|Any CPU
	EndGlobalSection
	GlobalSection(SolutionProperties) = preSolution
		HideSolutionNode = FALSE
	EndGlobalSection
	GlobalSection(ExtensibilityGlobals) = postSolution
		SolutionGuid = {ACC492E3-D5D4-43A4-8852-B324FFC5874C}
	EndGlobalSection
EndGlobal
